
Microsoft Visual Studio Solution File, Format Version 12.00
# Visual Studio 15
VisualStudioVersion = 15.0.27004.2006
MinimumVisualStudioVersion = 10.0.40219.1
Project("{9A19103F-16F7-4668-BE54-9A1E7A4F7556}") = "Rankt.Api", "..\WebAPI\Rankt.Api\Rankt.Api.csproj", "{51346749-4705-444E-AD21-B1520CE908CD}"
EndProject
Project("{9A19103F-16F7-4668-BE54-9A1E7A4F7556}") = "Common.DataModel", "..\Common\DataModel\Common.DataModel.csproj", "{591E4B6E-797D-40B6-81A9-F3CFCDDB21AD}"
EndProject
Project("{FAE04EC0-301F-11D3-BF4B-00C04F79EFBC}") = "Utilities.DatabaseVersioningTool", "..\Utilities\DatabaseVersioningTool\Utilities.DatabaseVersioningTool.csproj", "{B7E8E68F-1248-4310-AD25-6D321583FD66}"
EndProject
Project("{9A19103F-16F7-4668-BE54-9A1E7A4F7556}") = "Rankt.Tests.DbTests", "..\WebAPI\Rankt.Tests.DbTests\Rankt.Tests.DbTests.csproj", "{38988CEA-EC91-4291-8AB7-E665DE95A1D0}"
EndProject
Project("{FAE04EC0-301F-11D3-BF4B-00C04F79EFBC}") = "Rankt.Tests.ControllerTests", "Rankt.Tests.ControllerTests\Rankt.Tests.ControllerTests.csproj", "{260830D2-1C04-4165-8DD6-1AD5F285793A}"
EndProject
Global
	GlobalSection(SolutionConfigurationPlatforms) = preSolution
		Debug|Any CPU = Debug|Any CPU
		Release|Any CPU = Release|Any CPU
	EndGlobalSection
	GlobalSection(ProjectConfigurationPlatforms) = postSolution
		{51346749-4705-444E-AD21-B1520CE908CD}.Debug|Any CPU.ActiveCfg = Debug|Any CPU
		{51346749-4705-444E-AD21-B1520CE908CD}.Debug|Any CPU.Build.0 = Debug|Any CPU
		{51346749-4705-444E-AD21-B1520CE908CD}.Release|Any CPU.ActiveCfg = Release|Any CPU
		{51346749-4705-444E-AD21-B1520CE908CD}.Release|Any CPU.Build.0 = Release|Any CPU
		{591E4B6E-797D-40B6-81A9-F3CFCDDB21AD}.Debug|Any CPU.ActiveCfg = Debug|Any CPU
		{591E4B6E-797D-40B6-81A9-F3CFCDDB21AD}.Debug|Any CPU.Build.0 = Debug|Any CPU
		{591E4B6E-797D-40B6-81A9-F3CFCDDB21AD}.Release|Any CPU.ActiveCfg = Release|Any CPU
		{591E4B6E-797D-40B6-81A9-F3CFCDDB21AD}.Release|Any CPU.Build.0 = Release|Any CPU
		{B7E8E68F-1248-4310-AD25-6D321583FD66}.Debug|Any CPU.ActiveCfg = Debug|Any CPU
		{B7E8E68F-1248-4310-AD25-6D321583FD66}.Debug|Any CPU.Build.0 = Debug|Any CPU
		{B7E8E68F-1248-4310-AD25-6D321583FD66}.Release|Any CPU.ActiveCfg = Release|Any CPU
		{B7E8E68F-1248-4310-AD25-6D321583FD66}.Release|Any CPU.Build.0 = Release|Any CPU
		{38988CEA-EC91-4291-8AB7-E665DE95A1D0}.Debug|Any CPU.ActiveCfg = Debug|Any CPU
		{38988CEA-EC91-4291-8AB7-E665DE95A1D0}.Debug|Any CPU.Build.0 = Debug|Any CPU
		{38988CEA-EC91-4291-8AB7-E665DE95A1D0}.Release|Any CPU.ActiveCfg = Release|Any CPU
		{38988CEA-EC91-4291-8AB7-E665DE95A1D0}.Release|Any CPU.Build.0 = Release|Any CPU
		{260830D2-1C04-4165-8DD6-1AD5F285793A}.Debug|Any CPU.ActiveCfg = Debug|Any CPU
		{260830D2-1C04-4165-8DD6-1AD5F285793A}.Debug|Any CPU.Build.0 = Debug|Any CPU
		{260830D2-1C04-4165-8DD6-1AD5F285793A}.Release|Any CPU.ActiveCfg = Release|Any CPU
		{260830D2-1C04-4165-8DD6-1AD5F285793A}.Release|Any CPU.Build.0 = Release|Any CPU
	EndGlobalSection
	GlobalSection(SolutionProperties) = preSolution
		HideSolutionNode = FALSE
	EndGlobalSection
	GlobalSection(ExtensibilityGlobals) = postSolution
		SolutionGuid = {9E5A67AB-C2BA-458B-9210-2B5964D78C18}
	EndGlobalSection
EndGlobal
